
Microsoft Visual Studio Solution File, Format Version 12.00
# Visual Studio Version 17
VisualStudioVersion = 17.6.33801.468
MinimumVisualStudioVersion = 10.0.40219.1
Project("{FAE04EC0-301F-11D3-BF4B-00C04F79EFBC}") = "ETS2SaveAutoEditor", "ETS2SaveAutoEditor\ETS2SaveAutoEditor.csproj", "{398A428C-0E9A-4AB6-9D4B-D39C3FD5A46C}"
EndProject
Project("{FAE04EC0-301F-11D3-BF4B-00C04F79EFBC}") = "ETS2SaveAutoEditorTests", "ETS2SaveAutoEditorTests\ETS2SaveAutoEditorTests.csproj", "{42282C86-5BA3-4749-BBBD-97F43F98B9D6}"
EndProject
Global
	GlobalSection(SolutionConfigurationPlatforms) = preSolution
		Debug|Any CPU = Debug|Any CPU
		Release|Any CPU = Release|Any CPU
	EndGlobalSection
	GlobalSection(ProjectConfigurationPlatforms) = postSolution
		{398A428C-0E9A-4AB6-9D4B-D39C3FD5A46C}.Debug|Any CPU.ActiveCfg = Debug|Any CPU
		{398A428C-0E9A-4AB6-9D4B-D39C3FD5A46C}.Debug|Any CPU.Build.0 = Debug|Any CPU
		{398A428C-0E9A-4AB6-9D4B-D39C3FD5A46C}.Release|Any CPU.ActiveCfg = Release|Any CPU
		{398A428C-0E9A-4AB6-9D4B-D39C3FD5A46C}.Release|Any CPU.Build.0 = Release|Any CPU
		{42282C86-5BA3-4749-BBBD-97F43F98B9D6}.Debug|Any CPU.ActiveCfg = Debug|Any CPU
		{42282C86-5BA3-4749-BBBD-97F43F98B9D6}.Debug|Any CPU.Build.0 = Debug|Any CPU
		{42282C86-5BA3-4749-BBBD-97F43F98B9D6}.Release|Any CPU.ActiveCfg = Release|Any CPU
		{42282C86-5BA3-4749-BBBD-97F43F98B9D6}.Release|Any CPU.Build.0 = Release|Any CPU
	EndGlobalSection
	GlobalSection(SolutionProperties) = preSolution
		HideSolutionNode = FALSE
	EndGlobalSection
	GlobalSection(ExtensibilityGlobals) = postSolution
		SolutionGuid = {92454783-56EA-4085-895C-59F0D36DF3B4}
	EndGlobalSection
EndGlobal
